uuid: 7232ab64-64ab-4102-837d-9ff311a70656
langcode: en
status: true
dependencies:
  module:
    - node
    - views
    - viewsreference
id: node.field_block
field_name: field_block
entity_type: node
type: viewsreference
settings:
  target_type: view
module: viewsreference
locked: false
cardinality: -1
translatable: true
indexes: {  }
persist_with_no_fields: false
custom_storage: false
